Microsoft Visual Studio Solution File, Format Version 12.00
# Visual Studio Version 17
VisualStudioVersion = 17.5.2.0
MinimumVisualStudioVersion = 10.0.40219.1
Project("{FAE04EC0-301F-11D3-BF4B-00C04F79EFBC}") = "StrategyGame", "StrategyGame\StrategyGame.csproj", "{4037AC1F-CD0F-D0BE-7259-607D1C479145}"
EndProject
Global
	GlobalSection(SolutionConfigurationPlatforms) = preSolution
		Debug|Any CPU = Debug|Any CPU
		Release|Any CPU = Release|Any CPU
	EndGlobalSection
	GlobalSection(ProjectConfigurationPlatforms) = postSolution
		{4037AC1F-CD0F-D0BE-7259-607D1C479145}.Debug|Any CPU.ActiveCfg = Debug|Any CPU
		{4037AC1F-CD0F-D0BE-7259-607D1C479145}.Debug|Any CPU.Build.0 = Debug|Any CPU
		{4037AC1F-CD0F-D0BE-7259-607D1C479145}.Release|Any CPU.ActiveCfg = Release|Any CPU
		{4037AC1F-CD0F-D0BE-7259-607D1C479145}.Release|Any CPU.Build.0 = Release|Any CPU
	EndGlobalSection
	GlobalSection(SolutionProperties) = preSolution
		HideSolutionNode = FALSE
	EndGlobalSection
	GlobalSection(ExtensibilityGlobals) = postSolution
		SolutionGuid = {F2223735-A68A-4356-A723-C5D844C7BC01}
	EndGlobalSection
EndGlobal
